{
  "object": {
    "pins": [
      {
        "package": "FileKit",
        "repositoryURL": "https://github.com/eelcokoelewijn/FileKit",
        "state": {
          "branch": null,
          "revision": "41e5ce1158e95a133e009a81470688f8d9df0f3b",
          "version": "1.1.7"
        }
      }
    ]
  },
  "version": 1
}
